
Microsoft Visual Studio Solution File, Format Version 12.00
# Visual Studio Version 16
VisualStudioVersion = 16.0.30804.86
MinimumVisualStudioVersion = 10.0.40219.1
Project("{FAE04EC0-301F-11D3-BF4B-00C04F79EFBC}") = "MethodsOfSortedDictionary20Jan", "MethodsOfSortedDictionary20Jan\MethodsOfSortedDictionary20Jan.csproj", "{61FD6E10-253B-429A-BA41-7D46D55805CB}"
EndProject
Global
	GlobalSection(SolutionConfigurationPlatforms) = preSolution
		Debug|Any CPU = Debug|Any CPU
		Release|Any CPU = Release|Any CPU
	EndGlobalSection
	GlobalSection(ProjectConfigurationPlatforms) = postSolution
		{61FD6E10-253B-429A-BA41-7D46D55805CB}.Debug|Any CPU.ActiveCfg = Debug|Any CPU
		{61FD6E10-253B-429A-BA41-7D46D55805CB}.Debug|Any CPU.Build.0 = Debug|Any CPU
		{61FD6E10-253B-429A-BA41-7D46D55805CB}.Release|Any CPU.ActiveCfg = Release|Any CPU
		{61FD6E10-253B-429A-BA41-7D46D55805CB}.Release|Any CPU.Build.0 = Release|Any CPU
	EndGlobalSection
	GlobalSection(SolutionProperties) = preSolution
		HideSolutionNode = FALSE
	EndGlobalSection
	GlobalSection(ExtensibilityGlobals) = postSolution
		SolutionGuid = {E1DF537F-D6D2-4D45-A289-3468AD3D7847}
	EndGlobalSection
EndGlobal
